
Microsoft Visual Studio Solution File, Format Version 12.00
# Visual Studio 15
VisualStudioVersion = 15.0.27703.2035
MinimumVisualStudioVersion = 10.0.40219.1
Project("{8BC9CEB8-8B4A-11D0-8D11-00A0C91BC942}") = "CG_course-design", "CG_course-design\CG_course-design.vcxproj", "{91BED77E-29D3-4816-9E3E-16A1C3D58756}"
EndProject
Global
	GlobalSection(SolutionConfigurationPlatforms) = preSolution
		Debug|x64 = Debug|x64
		Debug|x86 = Debug|x86
		Release|x64 = Release|x64
		Release|x86 = Release|x86
	EndGlobalSection
	GlobalSection(ProjectConfigurationPlatforms) = postSolution
		{91BED77E-29D3-4816-9E3E-16A1C3D58756}.Debug|x64.ActiveCfg = Debug|x64
		{91BED77E-29D3-4816-9E3E-16A1C3D58756}.Debug|x64.Build.0 = Debug|x64
		{91BED77E-29D3-4816-9E3E-16A1C3D58756}.Debug|x86.ActiveCfg = Debug|Win32
		{91BED77E-29D3-4816-9E3E-16A1C3D58756}.Debug|x86.Build.0 = Debug|Win32
		{91BED77E-29D3-4816-9E3E-16A1C3D58756}.Release|x64.ActiveCfg = Release|x64
		{91BED77E-29D3-4816-9E3E-16A1C3D58756}.Release|x64.Build.0 = Release|x64
		{91BED77E-29D3-4816-9E3E-16A1C3D58756}.Release|x86.ActiveCfg = Release|Win32
		{91BED77E-29D3-4816-9E3E-16A1C3D58756}.Release|x86.Build.0 = Release|Win32
	EndGlobalSection
	GlobalSection(SolutionProperties) = preSolution
		HideSolutionNode = FALSE
	EndGlobalSection
	GlobalSection(ExtensibilityGlobals) = postSolution
		SolutionGuid = {DDA30576-4900-4A11-A9A8-02773F04A9E6}
	EndGlobalSection
EndGlobal
